// !$*UTF8*$!
{
	archiveVersion = 1;
	classes = {
	};
	objectVersion = 56;
	objects = {

/* Begin PBXBuildFile section */
		9136059B2C1F327F0040FD7A /* UILabel+Copyable in Frameworks */ = {isa = PBXBuildFile; productRef = 9136059A2C1F327F0040FD7A /* UILabel+Copyable */; };
		9136059E2C1F32860040FD7A /* Kingfisher in Frameworks */ = {isa = PBXBuildFile; productRef = 9136059D2C1F32860040FD7A /* Kingfisher */; };
		913605AF2C1F32D10040FD7A /* UIImages.swift in Sources */ = {isa = PBXBuildFile; fileRef = 913605AC2C1F32D10040FD7A /* UIImages.swift */; };
		913605B02C1F32D10040FD7A /* Colors.swift in Sources */ = {isa = PBXBuildFile; fileRef = 913605AE2C1F32D10040FD7A /* Colors.swift */; };
		913605B12C1F32D10040FD7A /* Fonts.swift in Sources */ = {isa = PBXBuildFile; fileRef = 913605AD2C1F32D10040FD7A /* Fonts.swift */; };
		913605B72C1F33700040FD7A /* Localizable.strings in Resources */ = {isa = PBXBuildFile; fileRef = 913605B62C1F33700040FD7A /* Localizable.strings */; };
		913605BA2C1F34000040FD7A /* TabBarViewController.swift in Sources */ = {isa = PBXBuildFile; fileRef = 913605B82C1F34000040FD7A /* TabBarViewController.swift */; };
		913605E32C1F348C0040FD7A /* NetworkRequest.swift in Sources */ = {isa = PBXBuildFile; fileRef = 913605DF2C1F348C0040FD7A /* NetworkRequest.swift */; };
		913605E42C1F348C0040FD7A /* NetworkTask.swift in Sources */ = {isa = PBXBuildFile; fileRef = 913605E12C1F348C0040FD7A /* NetworkTask.swift */; };
		913605E52C1F348C0040FD7A /* AsyncNetworkClient.swift in Sources */ = {isa = PBXBuildFile; fileRef = 913605E22C1F348C0040FD7A /* AsyncNetworkClient.swift */; };
		913605E62C1F348C0040FD7A /* RequestConstants.swift in Sources */ = {isa = PBXBuildFile; fileRef = 913605DE2C1F348C0040FD7A /* RequestConstants.swift */; };
		9136060C2C208C090040FD7A /* Storage.swift in Sources */ = {isa = PBXBuildFile; fileRef = 913605FE2C208B440040FD7A /* Storage.swift */; };
		913606102C208C4E0040FD7A /* SelectedNewsPresenter.swift in Sources */ = {isa = PBXBuildFile; fileRef = 9136060D2C208C4E0040FD7A /* SelectedNewsPresenter.swift */; };
		913606112C208C4E0040FD7A /* SelectedNewsViewController.swift in Sources */ = {isa = PBXBuildFile; fileRef = 9136060E2C208C4E0040FD7A /* SelectedNewsViewController.swift */; };
		913606122C208C8A0040FD7A /* NewsTableCell.swift in Sources */ = {isa = PBXBuildFile; fileRef = 9136060B2C208BCB0040FD7A /* NewsTableCell.swift */; };
		9136061B2C208D170040FD7A /* NewsDetailPresenter.swift in Sources */ = {isa = PBXBuildFile; fileRef = 9136061A2C208D120040FD7A /* NewsDetailPresenter.swift */; };
		9136061C2C208D190040FD7A /* NewsDetailViewController.swift in Sources */ = {isa = PBXBuildFile; fileRef = 913606192C208D120040FD7A /* NewsDetailViewController.swift */; };
		913606202C208D890040FD7A /* String+Extensions.swift in Sources */ = {isa = PBXBuildFile; fileRef = 9136061F2C208D850040FD7A /* String+Extensions.swift */; };
		913606212C208D8B0040FD7A /* Data+Extensions.swift in Sources */ = {isa = PBXBuildFile; fileRef = 9136061E2C208D840040FD7A /* Data+Extensions.swift */; };
		913606262C208E3E0040FD7A /* NewsService.swift in Sources */ = {isa = PBXBuildFile; fileRef = 913606232C208E310040FD7A /* NewsService.swift */; };
		913606272C208E410040FD7A /* SelectedNewsService.swift in Sources */ = {isa = PBXBuildFile; fileRef = 913606242C208E310040FD7A /* SelectedNewsService.swift */; };
		913606282C208E440040FD7A /* NewsCollectionNetworkData.swift in Sources */ = {isa = PBXBuildFile; fileRef = 913606252C208E310040FD7A /* NewsCollectionNetworkData.swift */; };
		913606292C208EAE0040FD7A /* NewsViewController.swift in Sources */ = {isa = PBXBuildFile; fileRef = 913606032C208B8F0040FD7A /* NewsViewController.swift */; };
		9136062A2C208EB10040FD7A /* NewsInteractor.swift in Sources */ = {isa = PBXBuildFile; fileRef = 913606092C208B8F0040FD7A /* NewsInteractor.swift */; };
		9136062B2C208EB50040FD7A /* NewsPresenter.swift in Sources */ = {isa = PBXBuildFile; fileRef = 913606072C208B8F0040FD7A /* NewsPresenter.swift */; };
		9136062C2C208EBA0040FD7A /* NewsRouter.swift in Sources */ = {isa = PBXBuildFile; fileRef = 913606052C208B8F0040FD7A /* NewsRouter.swift */; };
		9136062E2C21C80F0040FD7A /* NewsCollectionData.swift in Sources */ = {isa = PBXBuildFile; fileRef = 9136062D2C21C80F0040FD7A /* NewsCollectionData.swift */; };
		913606302C21C9CA0040FD7A /* NewsTableCellData.swift in Sources */ = {isa = PBXBuildFile; fileRef = 9136062F2C21C9CA0040FD7A /* NewsTableCellData.swift */; };
		913606322C21CAF40040FD7A /* NewsAssembly.swift in Sources */ = {isa = PBXBuildFile; fileRef = 913606312C21CAF40040FD7A /* NewsAssembly.swift */; };
		913606342C21D9300040FD7A /* NewsView.swift in Sources */ = {isa = PBXBuildFile; fileRef = 913606332C21D9300040FD7A /* NewsView.swift */; };
		913606382C246FF90040FD7A /* FavoriteNewsStore.swift in Sources */ = {isa = PBXBuildFile; fileRef = 913606372C246FF90040FD7A /* FavoriteNewsStore.swift */; };
		9136063A2C2471870040FD7A /* FavoriteNewsCoreData.swift in Sources */ = {isa = PBXBuildFile; fileRef = 913606392C2471870040FD7A /* FavoriteNewsCoreData.swift */; };
		91DA32FC2C1F22ED00A7479C /* AppDelegate.swift in Sources */ = {isa = PBXBuildFile; fileRef = 91DA32FB2C1F22ED00A7479C /* AppDelegate.swift */; };
		91DA32FE2C1F22ED00A7479C /* SceneDelegate.swift in Sources */ = {isa = PBXBuildFile; fileRef = 91DA32FD2C1F22ED00A7479C /* SceneDelegate.swift */; };
		91DA33002C1F22ED00A7479C /* ViewController.swift in Sources */ = {isa = PBXBuildFile; fileRef = 91DA32FF2C1F22ED00A7479C /* ViewController.swift */; };
		91DA33062C1F22ED00A7479C /* NewsAgregator.xcdatamodeld in Sources */ = {isa = PBXBuildFile; fileRef = 91DA33042C1F22ED00A7479C /* NewsAgregator.xcdatamodeld */; };
		91DA33082C1F22EF00A7479C /* Assets.xcassets in Resources */ = {isa = PBXBuildFile; fileRef = 91DA33072C1F22EF00A7479C /* Assets.xcassets */; };
		91DA330B2C1F22EF00A7479C /* Base in Resources */ = {isa = PBXBuildFile; fileRef = 91DA330A2C1F22EF00A7479C /* Base */; };
/* End PBXBuildFile section */

/* Begin PBXFileReference section */
		913605AC2C1F32D10040FD7A /* UIImages.swift */ = {isa = PBXFileReference; lastKnownFileType = sourcecode.swift; path = UIImages.swift; sourceTree = "<group>"; };
		913605AD2C1F32D10040FD7A /* Fonts.swift */ = {isa = PBXFileReference; lastKnownFileType = sourcecode.swift; path = Fonts.swift; sourceTree = "<group>"; };
		913605AE2C1F32D10040FD7A /* Colors.swift */ = {isa = PBXFileReference; lastKnownFileType = sourcecode.swift; path = Colors.swift; sourceTree = "<group>"; };
		913605B62C1F33700040FD7A /* Localizable.strings */ = {isa = PBXFileReference; fileEncoding = 4; lastKnownFileType = text.plist.strings; path = Localizable.strings; sourceTree = "<group>"; };
		913605B82C1F34000040FD7A /* TabBarViewController.swift */ = {isa = PBXFileReference; fileEncoding = 4; lastKnownFileType = sourcecode.swift; path = TabBarViewController.swift; sourceTree = "<group>"; };
		913605DE2C1F348C0040FD7A /* RequestConstants.swift */ = {isa = PBXFileReference; lastKnownFileType = sourcecode.swift; path = RequestConstants.swift; sourceTree = "<group>"; };
		913605DF2C1F348C0040FD7A /* NetworkRequest.swift */ = {isa = PBXFileReference; lastKnownFileType = sourcecode.swift; path = NetworkRequest.swift; sourceTree = "<group>"; };
		913605E12C1F348C0040FD7A /* NetworkTask.swift */ = {isa = PBXFileReference; lastKnownFileType = sourcecode.swift; path = NetworkTask.swift; sourceTree = "<group>"; };
		913605E22C1F348C0040FD7A /* AsyncNetworkClient.swift */ = {isa = PBXFileReference; lastKnownFileType = sourcecode.swift; path = AsyncNetworkClient.swift; sourceTree = "<group>"; };
		913605FE2C208B440040FD7A /* Storage.swift */ = {isa = PBXFileReference; lastKnownFileType = sourcecode.swift; path = Storage.swift; sourceTree = "<group>"; };
		913606032C208B8F0040FD7A /* NewsViewController.swift */ = {isa = PBXFileReference; lastKnownFileType = sourcecode.swift; path = NewsViewController.swift; sourceTree = "<group>"; };
		913606052C208B8F0040FD7A /* NewsRouter.swift */ = {isa = PBXFileReference; lastKnownFileType = sourcecode.swift; path = NewsRouter.swift; sourceTree = "<group>"; };
		913606072C208B8F0040FD7A /* NewsPresenter.swift */ = {isa = PBXFileReference; lastKnownFileType = sourcecode.swift; path = NewsPresenter.swift; sourceTree = "<group>"; };
		913606092C208B8F0040FD7A /* NewsInteractor.swift */ = {isa = PBXFileReference; lastKnownFileType = sourcecode.swift; path = NewsInteractor.swift; sourceTree = "<group>"; };
		9136060B2C208BCB0040FD7A /* NewsTableCell.swift */ = {isa = PBXFileReference; lastKnownFileType = sourcecode.swift; path = NewsTableCell.swift; sourceTree = "<group>"; };
		9136060D2C208C4E0040FD7A /* SelectedNewsPresenter.swift */ = {isa = PBXFileReference; fileEncoding = 4; lastKnownFileType = sourcecode.swift; path = SelectedNewsPresenter.swift; sourceTree = "<group>"; };
		9136060E2C208C4E0040FD7A /* SelectedNewsViewController.swift */ = {isa = PBXFileReference; fileEncoding = 4; lastKnownFileType = sourcecode.swift; path = SelectedNewsViewController.swift; sourceTree = "<group>"; };
		913606192C208D120040FD7A /* NewsDetailViewController.swift */ = {isa = PBXFileReference; lastKnownFileType = sourcecode.swift; path = NewsDetailViewController.swift; sourceTree = "<group>"; };
		9136061A2C208D120040FD7A /* NewsDetailPresenter.swift */ = {isa = PBXFileReference; lastKnownFileType = sourcecode.swift; path = NewsDetailPresenter.swift; sourceTree = "<group>"; };
		9136061E2C208D840040FD7A /* Data+Extensions.swift */ = {isa = PBXFileReference; lastKnownFileType = sourcecode.swift; path = "Data+Extensions.swift"; sourceTree = "<group>"; };
		9136061F2C208D850040FD7A /* String+Extensions.swift */ = {isa = PBXFileReference; lastKnownFileType = sourcecode.swift; path = "String+Extensions.swift"; sourceTree = "<group>"; };
		913606232C208E310040FD7A /* NewsService.swift */ = {isa = PBXFileReference; lastKnownFileType = sourcecode.swift; path = NewsService.swift; sourceTree = "<group>"; };
		913606242C208E310040FD7A /* SelectedNewsService.swift */ = {isa = PBXFileReference; lastKnownFileType = sourcecode.swift; path = SelectedNewsService.swift; sourceTree = "<group>"; };
		913606252C208E310040FD7A /* NewsCollectionNetworkData.swift */ = {isa = PBXFileReference; lastKnownFileType = sourcecode.swift; path = NewsCollectionNetworkData.swift; sourceTree = "<group>"; };
		9136062D2C21C80F0040FD7A /* NewsCollectionData.swift */ = {isa = PBXFileReference; lastKnownFileType = sourcecode.swift; path = NewsCollectionData.swift; sourceTree = "<group>"; };
		9136062F2C21C9CA0040FD7A /* NewsTableCellData.swift */ = {isa = PBXFileReference; lastKnownFileType = sourcecode.swift; path = NewsTableCellData.swift; sourceTree = "<group>"; };
		913606312C21CAF40040FD7A /* NewsAssembly.swift */ = {isa = PBXFileReference; lastKnownFileType = sourcecode.swift; path = NewsAssembly.swift; sourceTree = "<group>"; };
		913606332C21D9300040FD7A /* NewsView.swift */ = {isa = PBXFileReference; lastKnownFileType = sourcecode.swift; name = NewsView.swift; path = NewsAgregator/News/Entity/NewsView.swift; sourceTree = SOURCE_ROOT; };
		913606372C246FF90040FD7A /* FavoriteNewsStore.swift */ = {isa = PBXFileReference; lastKnownFileType = sourcecode.swift; path = FavoriteNewsStore.swift; sourceTree = "<group>"; };
		913606392C2471870040FD7A /* FavoriteNewsCoreData.swift */ = {isa = PBXFileReference; lastKnownFileType = sourcecode.swift; path = FavoriteNewsCoreData.swift; sourceTree = "<group>"; };
		91DA32F82C1F22ED00A7479C /* NewsAgregator.app */ = {isa = PBXFileReference; explicitFileType = wrapper.application; includeInIndex = 0; path = NewsAgregator.app; sourceTree = BUILT_PRODUCTS_DIR; };
		91DA32FB2C1F22ED00A7479C /* AppDelegate.swift */ = {isa = PBXFileReference; lastKnownFileType = sourcecode.swift; path = AppDelegate.swift; sourceTree = "<group>"; };
		91DA32FD2C1F22ED00A7479C /* SceneDelegate.swift */ = {isa = PBXFileReference; lastKnownFileType = sourcecode.swift; path = SceneDelegate.swift; sourceTree = "<group>"; };
		91DA32FF2C1F22ED00A7479C /* ViewController.swift */ = {isa = PBXFileReference; lastKnownFileType = sourcecode.swift; path = ViewController.swift; sourceTree = "<group>"; };
		91DA33052C1F22ED00A7479C /* NewsAgregator.xcdatamodel */ = {isa = PBXFileReference; lastKnownFileType = wrapper.xcdatamodel; path = NewsAgregator.xcdatamodel; sourceTree = "<group>"; };
		91DA33072C1F22EF00A7479C /* Assets.xcassets */ = {isa = PBXFileReference; lastKnownFileType = folder.assetcatalog; path = Assets.xcassets; sourceTree = "<group>"; };
		91DA330A2C1F22EF00A7479C /* Base */ = {isa = PBXFileReference; lastKnownFileType = file.storyboard; name = Base; path = Base.lproj/LaunchScreen.storyboard; sourceTree = "<group>"; };
		91DA330C2C1F22EF00A7479C /* Info.plist */ = {isa = PBXFileReference; lastKnownFileType = text.plist.xml; path = Info.plist; sourceTree = "<group>"; };
/* End PBXFileReference section */

/* Begin PBXFrameworksBuildPhase section */
		91DA32F52C1F22ED00A7479C /* Frameworks */ = {
			isa = PBXFrameworksBuildPhase;
			buildActionMask = 2147483647;
			files = (
				9136059E2C1F32860040FD7A /* Kingfisher in Frameworks */,
				9136059B2C1F327F0040FD7A /* UILabel+Copyable in Frameworks */,
			);
			runOnlyForDeploymentPostprocessing = 0;
		};
/* End PBXFrameworksBuildPhase section */

/* Begin PBXGroup section */
		913605AB2C1F32D10040FD7A /* DesignSystem */ = {
			isa = PBXGroup;
			children = (
				913605AE2C1F32D10040FD7A /* Colors.swift */,
				913605AD2C1F32D10040FD7A /* Fonts.swift */,
				913605AC2C1F32D10040FD7A /* UIImages.swift */,
			);
			path = DesignSystem;
			sourceTree = "<group>";
		};
		913605B52C1F335D0040FD7A /* Resources */ = {
			isa = PBXGroup;
			children = (
				91DA33092C1F22EF00A7479C /* LaunchScreen.storyboard */,
				91DA33072C1F22EF00A7479C /* Assets.xcassets */,
				913605B62C1F33700040FD7A /* Localizable.strings */,
			);
			path = Resources;
			sourceTree = "<group>";
		};
		913605B92C1F34000040FD7A /* TabBar */ = {
			isa = PBXGroup;
			children = (
				913605B82C1F34000040FD7A /* TabBarViewController.swift */,
			);
			path = TabBar;
			sourceTree = "<group>";
		};
		913605DD2C1F348C0040FD7A /* Network */ = {
			isa = PBXGroup;
			children = (
				913605E22C1F348C0040FD7A /* AsyncNetworkClient.swift */,
				913605DF2C1F348C0040FD7A /* NetworkRequest.swift */,
				913605E12C1F348C0040FD7A /* NetworkTask.swift */,
				913605DE2C1F348C0040FD7A /* RequestConstants.swift */,
			);
			path = Network;
			sourceTree = "<group>";
		};
		913605FD2C208B3A0040FD7A /* Storage */ = {
			isa = PBXGroup;
			children = (
				913605FE2C208B440040FD7A /* Storage.swift */,
			);
			path = Storage;
			sourceTree = "<group>";
		};
		913606002C208B7E0040FD7A /* News */ = {
			isa = PBXGroup;
			children = (
				913606312C21CAF40040FD7A /* NewsAssembly.swift */,
				913606022C208B8F0040FD7A /* View */,
				913606082C208B8F0040FD7A /* Interactor */,
				913606062C208B8F0040FD7A /* Presenter */,
				913606012C208B8F0040FD7A /* Entity */,
				913606042C208B8F0040FD7A /* Router */,
			);
			name = News;
			path = NewsAgregator/News;
			sourceTree = SOURCE_ROOT;
		};
		913606012C208B8F0040FD7A /* Entity */ = {
			isa = PBXGroup;
			children = (
				9136062D2C21C80F0040FD7A /* NewsCollectionData.swift */,
			);
			path = Entity;
			sourceTree = "<group>";
		};
		913606022C208B8F0040FD7A /* View */ = {
			isa = PBXGroup;
			children = (
				913606032C208B8F0040FD7A /* NewsViewController.swift */,
				913606332C21D9300040FD7A /* NewsView.swift */,
			);
			path = View;
			sourceTree = "<group>";
		};
		913606042C208B8F0040FD7A /* Router */ = {
			isa = PBXGroup;
			children = (
				913606052C208B8F0040FD7A /* NewsRouter.swift */,
			);
			path = Router;
			sourceTree = "<group>";
		};
		913606062C208B8F0040FD7A /* Presenter */ = {
			isa = PBXGroup;
			children = (
				913606072C208B8F0040FD7A /* NewsPresenter.swift */,
			);
			path = Presenter;
			sourceTree = "<group>";
		};
		913606082C208B8F0040FD7A /* Interactor */ = {
			isa = PBXGroup;
			children = (
				913606092C208B8F0040FD7A /* NewsInteractor.swift */,
			);
			path = Interactor;
			sourceTree = "<group>";
		};
		9136060A2C208BC10040FD7A /* NewsTableCell */ = {
			isa = PBXGroup;
			children = (
				9136062F2C21C9CA0040FD7A /* NewsTableCellData.swift */,
				9136060B2C208BCB0040FD7A /* NewsTableCell.swift */,
			);
			name = NewsTableCell;
			path = NewsAgregator/NewsTableCell;
			sourceTree = SOURCE_ROOT;
		};
		9136060F2C208C4E0040FD7A /* Favorite News */ = {
			isa = PBXGroup;
			children = (
				9136060D2C208C4E0040FD7A /* SelectedNewsPresenter.swift */,
				9136060E2C208C4E0040FD7A /* SelectedNewsViewController.swift */,
			);
			name = "Favorite News";
			path = "NewsAgregator/Favorite News";
			sourceTree = SOURCE_ROOT;
		};
		913606182C208D0A0040FD7A /* NewsDetailView */ = {
			isa = PBXGroup;
			children = (
				9136061A2C208D120040FD7A /* NewsDetailPresenter.swift */,
				913606192C208D120040FD7A /* NewsDetailViewController.swift */,
			);
			name = NewsDetailView;
			path = NewsAgregator/NewsDetailView;
			sourceTree = SOURCE_ROOT;
		};
		9136061D2C208D710040FD7A /* Extensions */ = {
			isa = PBXGroup;
			children = (
				9136061E2C208D840040FD7A /* Data+Extensions.swift */,
				9136061F2C208D850040FD7A /* String+Extensions.swift */,
			);
			name = Extensions;
			path = NewsAgregator/Extensions;
			sourceTree = SOURCE_ROOT;
		};
		913606222C208E2B0040FD7A /* Services */ = {
			isa = PBXGroup;
			children = (
				913606232C208E310040FD7A /* NewsService.swift */,
				913606242C208E310040FD7A /* SelectedNewsService.swift */,
				913606252C208E310040FD7A /* NewsCollectionNetworkData.swift */,
			);
			name = Services;
			path = NewsAgregator/Services;
			sourceTree = SOURCE_ROOT;
		};
		913606352C2469CE0040FD7A /* CoreData */ = {
			isa = PBXGroup;
			children = (
				91DA33042C1F22ED00A7479C /* NewsAgregator.xcdatamodeld */,
				913606372C246FF90040FD7A /* FavoriteNewsStore.swift */,
				913606392C2471870040FD7A /* FavoriteNewsCoreData.swift */,
			);
			path = CoreData;
			sourceTree = "<group>";
		};
		91DA32EF2C1F22ED00A7479C = {
			isa = PBXGroup;
			children = (
				91DA32FA2C1F22ED00A7479C /* NewsAgregator */,
				91DA32F92C1F22ED00A7479C /* Products */,
			);
			sourceTree = "<group>";
		};
		91DA32F92C1F22ED00A7479C /* Products */ = {
			isa = PBXGroup;
			children = (
				91DA32F82C1F22ED00A7479C /* NewsAgregator.app */,
			);
			name = Products;
			sourceTree = "<group>";
		};
		91DA32FA2C1F22ED00A7479C /* NewsAgregator */ = {
			isa = PBXGroup;
			children = (
				91DA32FB2C1F22ED00A7479C /* AppDelegate.swift */,
				91DA32FD2C1F22ED00A7479C /* SceneDelegate.swift */,
				91DA32FF2C1F22ED00A7479C /* ViewController.swift */,
				913605FD2C208B3A0040FD7A /* Storage */,
				913605B92C1F34000040FD7A /* TabBar */,
				913606002C208B7E0040FD7A /* News */,
				9136060A2C208BC10040FD7A /* NewsTableCell */,
				9136060F2C208C4E0040FD7A /* Favorite News */,
				913606182C208D0A0040FD7A /* NewsDetailView */,
				9136061D2C208D710040FD7A /* Extensions */,
				913606222C208E2B0040FD7A /* Services */,
				913605DD2C1F348C0040FD7A /* Network */,
				913606352C2469CE0040FD7A /* CoreData */,
				913605AB2C1F32D10040FD7A /* DesignSystem */,
				913605B52C1F335D0040FD7A /* Resources */,
				91DA330C2C1F22EF00A7479C /* Info.plist */,
			);
			path = NewsAgregator;
			sourceTree = "<group>";
		};
/* End PBXGroup section */

/* Begin PBXNativeTarget section */
		91DA32F72C1F22ED00A7479C /* NewsAgregator */ = {
			isa = PBXNativeTarget;
			buildConfigurationList = 91DA330F2C1F22EF00A7479C /* Build configuration list for PBXNativeTarget "NewsAgregator" */;
			buildPhases = (
				91DA32F42C1F22ED00A7479C /* Sources */,
				91DA32F52C1F22ED00A7479C /* Frameworks */,
				91DA32F62C1F22ED00A7479C /* Resources */,
			);
			buildRules = (
			);
			dependencies = (
			);
			name = NewsAgregator;
			packageProductDependencies = (
				9136059A2C1F327F0040FD7A /* UILabel+Copyable */,
				9136059D2C1F32860040FD7A /* Kingfisher */,
			);
			productName = NewsAgregator;
			productReference = 91DA32F82C1F22ED00A7479C /* NewsAgregator.app */;
			productType = "com.apple.product-type.application";
		};
/* End PBXNativeTarget section */

/* Begin PBXProject section */
		91DA32F02C1F22ED00A7479C /* Project object */ = {
			isa = PBXProject;
			attributes = {
				BuildIndependentTargetsInParallel = 1;
				LastSwiftUpdateCheck = 1530;
				LastUpgradeCheck = 1530;
				TargetAttributes = {
					91DA32F72C1F22ED00A7479C = {
						CreatedOnToolsVersion = 15.3;
					};
				};
			};
			buildConfigurationList = 91DA32F32C1F22ED00A7479C /* Build configuration list for PBXProject "NewsAgregator" */;
			compatibilityVersion = "Xcode 14.0";
			developmentRegion = en;
			hasScannedForEncodings = 0;
			knownRegions = (
				en,
				Base,
			);
			mainGroup = 91DA32EF2C1F22ED00A7479C;
			packageReferences = (
				913605992C1F327F0040FD7A /* XCRemoteSwiftPackageReference "UILabel-Copyable" */,
				9136059C2C1F32860040FD7A /* XCRemoteSwiftPackageReference "Kingfisher" */,
			);
			productRefGroup = 91DA32F92C1F22ED00A7479C /* Products */;
			projectDirPath = "";
			projectRoot = "";
			targets = (
				91DA32F72C1F22ED00A7479C /* NewsAgregator */,
			);
		};
/* End PBXProject section */

/* Begin PBXResourcesBuildPhase section */
		91DA32F62C1F22ED00A7479C /* Resources */ = {
			isa = PBXResourcesBuildPhase;
			buildActionMask = 2147483647;
			files = (
				91DA33082C1F22EF00A7479C /* Assets.xcassets in Resources */,
				913605B72C1F33700040FD7A /* Localizable.strings in Resources */,
				91DA330B2C1F22EF00A7479C /* Base in Resources */,
			);
			runOnlyForDeploymentPostprocessing = 0;
		};
/* End PBXResourcesBuildPhase section */

/* Begin PBXSourcesBuildPhase section */
		91DA32F42C1F22ED00A7479C /* Sources */ = {
			isa = PBXSourcesBuildPhase;
			buildActionMask = 2147483647;
			files = (
				913606112C208C4E0040FD7A /* SelectedNewsViewController.swift in Sources */,
				913606122C208C8A0040FD7A /* NewsTableCell.swift in Sources */,
				913605B02C1F32D10040FD7A /* Colors.swift in Sources */,
				913606262C208E3E0040FD7A /* NewsService.swift in Sources */,
				913606102C208C4E0040FD7A /* SelectedNewsPresenter.swift in Sources */,
				913606202C208D890040FD7A /* String+Extensions.swift in Sources */,
				9136060C2C208C090040FD7A /* Storage.swift in Sources */,
				91DA33002C1F22ED00A7479C /* ViewController.swift in Sources */,
				913606342C21D9300040FD7A /* NewsView.swift in Sources */,
				9136062A2C208EB10040FD7A /* NewsInteractor.swift in Sources */,
				91DA32FC2C1F22ED00A7479C /* AppDelegate.swift in Sources */,
				913606272C208E410040FD7A /* SelectedNewsService.swift in Sources */,
				9136062B2C208EB50040FD7A /* NewsPresenter.swift in Sources */,
				913606282C208E440040FD7A /* NewsCollectionNetworkData.swift in Sources */,
				9136062C2C208EBA0040FD7A /* NewsRouter.swift in Sources */,
				9136062E2C21C80F0040FD7A /* NewsCollectionData.swift in Sources */,
				913605E62C1F348C0040FD7A /* RequestConstants.swift in Sources */,
				913606212C208D8B0040FD7A /* Data+Extensions.swift in Sources */,
				913605E42C1F348C0040FD7A /* NetworkTask.swift in Sources */,
				913605B12C1F32D10040FD7A /* Fonts.swift in Sources */,
				913606292C208EAE0040FD7A /* NewsViewController.swift in Sources */,
				91DA32FE2C1F22ED00A7479C /* SceneDelegate.swift in Sources */,
				91DA33062C1F22ED00A7479C /* NewsAgregator.xcdatamodeld in Sources */,
				913606322C21CAF40040FD7A /* NewsAssembly.swift in Sources */,
				913605AF2C1F32D10040FD7A /* UIImages.swift in Sources */,
				913605BA2C1F34000040FD7A /* TabBarViewController.swift in Sources */,
				9136061B2C208D170040FD7A /* NewsDetailPresenter.swift in Sources */,
				913605E52C1F348C0040FD7A /* AsyncNetworkClient.swift in Sources */,
				913606382C246FF90040FD7A /* FavoriteNewsStore.swift in Sources */,
				913605E32C1F348C0040FD7A /* NetworkRequest.swift in Sources */,
				9136061C2C208D190040FD7A /* NewsDetailViewController.swift in Sources */,
				913606302C21C9CA0040FD7A /* NewsTableCellData.swift in Sources */,
				9136063A2C2471870040FD7A /* FavoriteNewsCoreData.swift in Sources */,
			);
			runOnlyForDeploymentPostprocessing = 0;
		};
/* End PBXSourcesBuildPhase section */

/* Begin PBXVariantGroup section */
		91DA33092C1F22EF00A7479C /* LaunchScreen.storyboard */ = {
			isa = PBXVariantGroup;
			children = (
				91DA330A2C1F22EF00A7479C /* Base */,
			);
			name = LaunchScreen.storyboard;
			sourceTree = "<group>";
		};
/* End PBXVariantGroup section */

/* Begin XCBuildConfiguration section */
		91DA330D2C1F22EF00A7479C /* Debug */ = {
			isa = XCBuildConfiguration;
			buildSettings = {
				ALWAYS_SEARCH_USER_PATHS = NO;
				ASSETCATALOG_COMPILER_GENERATE_SWIFT_ASSET_SYMBOL_EXTENSIONS = YES;
				CLANG_ANALYZER_NONNULL = YES;
				CLANG_ANALYZER_NUMBER_OBJECT_CONVERSION = YES_AGGRESSIVE;
				CLANG_CXX_LANGUAGE_STANDARD = "gnu++20";
				CLANG_ENABLE_MODULES = YES;
				CLANG_ENABLE_OBJC_ARC = YES;
				CLANG_ENABLE_OBJC_WEAK = YES;
				CLANG_WARN_BLOCK_CAPTURE_AUTORELEASING = YES;
				CLANG_WARN_BOOL_CONVERSION = YES;
				CLANG_WARN_COMMA = YES;
				CLANG_WARN_CONSTANT_CONVERSION = YES;
				CLANG_WARN_DEPRECATED_OBJC_IMPLEMENTATIONS = YES;
				CLANG_WARN_DIRECT_OBJC_ISA_USAGE = YES_ERROR;
				CLANG_WARN_DOCUMENTATION_COMMENTS = YES;
				CLANG_WARN_EMPTY_BODY = YES;
				CLANG_WARN_ENUM_CONVERSION = YES;
				CLANG_WARN_INFINITE_RECURSION = YES;
				CLANG_WARN_INT_CONVERSION = YES;
				CLANG_WARN_NON_LITERAL_NULL_CONVERSION = YES;
				CLANG_WARN_OBJC_IMPLICIT_RETAIN_SELF = YES;
				CLANG_WARN_OBJC_LITERAL_CONVERSION = YES;
				CLANG_WARN_OBJC_ROOT_CLASS = YES_ERROR;
				CLANG_WARN_QUOTED_INCLUDE_IN_FRAMEWORK_HEADER = YES;
				CLANG_WARN_RANGE_LOOP_ANALYSIS = YES;
				CLANG_WARN_STRICT_PROTOTYPES = YES;
				CLANG_WARN_SUSPICIOUS_MOVE = YES;
				CLANG_WARN_UNGUARDED_AVAILABILITY = YES_AGGRESSIVE;
				CLANG_WARN_UNREACHABLE_CODE = YES;
				CLANG_WARN__DUPLICATE_METHOD_MATCH = YES;
				COPY_PHASE_STRIP = NO;
				DEBUG_INFORMATION_FORMAT = dwarf;
				ENABLE_STRICT_OBJC_MSGSEND = YES;
				ENABLE_TESTABILITY = YES;
				ENABLE_USER_SCRIPT_SANDBOXING = YES;
				GCC_C_LANGUAGE_STANDARD = gnu17;
				GCC_DYNAMIC_NO_PIC = NO;
				GCC_NO_COMMON_BLOCKS = YES;
				GCC_OPTIMIZATION_LEVEL = 0;
				GCC_PREPROCESSOR_DEFINITIONS = (
					"DEBUG=1",
					"$(inherited)",
				);
				GCC_WARN_64_TO_32_BIT_CONVERSION = YES;
				GCC_WARN_ABOUT_RETURN_TYPE = YES_ERROR;
				GCC_WARN_UNDECLARED_SELECTOR = YES;
				GCC_WARN_UNINITIALIZED_AUTOS = YES_AGGRESSIVE;
				GCC_WARN_UNUSED_FUNCTION = YES;
				GCC_WARN_UNUSED_VARIABLE = YES;
				IPHONEOS_DEPLOYMENT_TARGET = 17.4;
				LOCALIZATION_PREFERS_STRING_CATALOGS = YES;
				MTL_ENABLE_DEBUG_INFO = INCLUDE_SOURCE;
				MTL_FAST_MATH = YES;
				ONLY_ACTIVE_ARCH = YES;
				SDKROOT = iphoneos;
				SWIFT_ACTIVE_COMPILATION_CONDITIONS = "DEBUG $(inherited)";
				SWIFT_OPTIMIZATION_LEVEL = "-Onone";
			};
			name = Debug;
		};
		91DA330E2C1F22EF00A7479C /* Release */ = {
			isa = XCBuildConfiguration;
			buildSettings = {
				ALWAYS_SEARCH_USER_PATHS = NO;
				ASSETCATALOG_COMPILER_GENERATE_SWIFT_ASSET_SYMBOL_EXTENSIONS = YES;
				CLANG_ANALYZER_NONNULL = YES;
				CLANG_ANALYZER_NUMBER_OBJECT_CONVERSION = YES_AGGRESSIVE;
				CLANG_CXX_LANGUAGE_STANDARD = "gnu++20";
				CLANG_ENABLE_MODULES = YES;
				CLANG_ENABLE_OBJC_ARC = YES;
				CLANG_ENABLE_OBJC_WEAK = YES;
				CLANG_WARN_BLOCK_CAPTURE_AUTORELEASING = YES;
				CLANG_WARN_BOOL_CONVERSION = YES;
				CLANG_WARN_COMMA = YES;
				CLANG_WARN_CONSTANT_CONVERSION = YES;
				CLANG_WARN_DEPRECATED_OBJC_IMPLEMENTATIONS = YES;
				CLANG_WARN_DIRECT_OBJC_ISA_USAGE = YES_ERROR;
				CLANG_WARN_DOCUMENTATION_COMMENTS = YES;
				CLANG_WARN_EMPTY_BODY = YES;
				CLANG_WARN_ENUM_CONVERSION = YES;
				CLANG_WARN_INFINITE_RECURSION = YES;
				CLANG_WARN_INT_CONVERSION = YES;
				CLANG_WARN_NON_LITERAL_NULL_CONVERSION = YES;
				CLANG_WARN_OBJC_IMPLICIT_RETAIN_SELF = YES;
				CLANG_WARN_OBJC_LITERAL_CONVERSION = YES;
				CLANG_WARN_OBJC_ROOT_CLASS = YES_ERROR;
				CLANG_WARN_QUOTED_INCLUDE_IN_FRAMEWORK_HEADER = YES;
				CLANG_WARN_RANGE_LOOP_ANALYSIS = YES;
				CLANG_WARN_STRICT_PROTOTYPES = YES;
				CLANG_WARN_SUSPICIOUS_MOVE = YES;
				CLANG_WARN_UNGUARDED_AVAILABILITY = YES_AGGRESSIVE;
				CLANG_WARN_UNREACHABLE_CODE = YES;
				CLANG_WARN__DUPLICATE_METHOD_MATCH = YES;
				COPY_PHASE_STRIP = NO;
				DEBUG_INFORMATION_FORMAT = "dwarf-with-dsym";
				ENABLE_NS_ASSERTIONS = NO;
				ENABLE_STRICT_OBJC_MSGSEND = YES;
				ENABLE_USER_SCRIPT_SANDBOXING = YES;
				GCC_C_LANGUAGE_STANDARD = gnu17;
				GCC_NO_COMMON_BLOCKS = YES;
				GCC_WARN_64_TO_32_BIT_CONVERSION = YES;
				GCC_WARN_ABOUT_RETURN_TYPE = YES_ERROR;
				GCC_WARN_UNDECLARED_SELECTOR = YES;
				GCC_WARN_UNINITIALIZED_AUTOS = YES_AGGRESSIVE;
				GCC_WARN_UNUSED_FUNCTION = YES;
				GCC_WARN_UNUSED_VARIABLE = YES;
				IPHONEOS_DEPLOYMENT_TARGET = 17.4;
				LOCALIZATION_PREFERS_STRING_CATALOGS = YES;
				MTL_ENABLE_DEBUG_INFO = NO;
				MTL_FAST_MATH = YES;
				SDKROOT = iphoneos;
				SWIFT_COMPILATION_MODE = wholemodule;
				VALIDATE_PRODUCT = YES;
			};
			name = Release;
		};
		91DA33102C1F22EF00A7479C /* Debug */ = {
			isa = XCBuildConfiguration;
			buildSettings = {
				ASSETCATALOG_COMPILER_APPICON_NAME = AppIcon;
				ASSETCATALOG_COMPILER_GLOBAL_ACCENT_COLOR_NAME = AccentColor;
				CODE_SIGN_STYLE = Automatic;
				CURRENT_PROJECT_VERSION = 1;
				DEVELOPMENT_TEAM = FV5M76HD5M;
				GENERATE_INFOPLIST_FILE = YES;
				INFOPLIST_FILE = NewsAgregator/Info.plist;
				INFOPLIST_KEY_UIApplicationSupportsIndirectInputEvents = YES;
				INFOPLIST_KEY_UILaunchStoryboardName = LaunchScreen;
				INFOPLIST_KEY_UISupportedInterfaceOrientations_iPad = "UIInterfaceOrientationPortrait UIInterfaceOrientationPortraitUpsideDown UIInterfaceOrientationLandscapeLeft UIInterfaceOrientationLandscapeRight";
				INFOPLIST_KEY_UISupportedInterfaceOrientations_iPhone = "UIInterfaceOrientationPortrait UIInterfaceOrientationLandscapeLeft UIInterfaceOrientationLandscapeRight";
				LD_RUNPATH_SEARCH_PATHS = (
					"$(inherited)",
					"@executable_path/Frameworks",
				);
				MARKETING_VERSION = 1.0;
				PRODUCT_BUNDLE_IDENTIFIER = ru.ketamine.practicum.NewsAgregator;
				PRODUCT_NAME = "$(TARGET_NAME)";
				SWIFT_EMIT_LOC_STRINGS = YES;
				SWIFT_VERSION = 5.0;
				TARGETED_DEVICE_FAMILY = "1,2";
			};
			name = Debug;
		};
		91DA33112C1F22EF00A7479C /* Release */ = {
			isa = XCBuildConfiguration;
			buildSettings = {
				ASSETCATALOG_COMPILER_APPICON_NAME = AppIcon;
				ASSETCATALOG_COMPILER_GLOBAL_ACCENT_COLOR_NAME = AccentColor;
				CODE_SIGN_STYLE = Automatic;
				CURRENT_PROJECT_VERSION = 1;
				DEVELOPMENT_TEAM = FV5M76HD5M;
				GENERATE_INFOPLIST_FILE = YES;
				INFOPLIST_FILE = NewsAgregator/Info.plist;
				INFOPLIST_KEY_UIApplicationSupportsIndirectInputEvents = YES;
				INFOPLIST_KEY_UILaunchStoryboardName = LaunchScreen;
				INFOPLIST_KEY_UISupportedInterfaceOrientations_iPad = "UIInterfaceOrientationPortrait UIInterfaceOrientationPortraitUpsideDown UIInterfaceOrientationLandscapeLeft UIInterfaceOrientationLandscapeRight";
				INFOPLIST_KEY_UISupportedInterfaceOrientations_iPhone = "UIInterfaceOrientationPortrait UIInterfaceOrientationLandscapeLeft UIInterfaceOrientationLandscapeRight";
				LD_RUNPATH_SEARCH_PATHS = (
					"$(inherited)",
					"@executable_path/Frameworks",
				);
				MARKETING_VERSION = 1.0;
				PRODUCT_BUNDLE_IDENTIFIER = ru.ketamine.practicum.NewsAgregator;
				PRODUCT_NAME = "$(TARGET_NAME)";
				SWIFT_EMIT_LOC_STRINGS = YES;
				SWIFT_VERSION = 5.0;
				TARGETED_DEVICE_FAMILY = "1,2";
			};
			name = Release;
		};
/* End XCBuildConfiguration section */

/* Begin XCConfigurationList section */
		91DA32F32C1F22ED00A7479C /* Build configuration list for PBXProject "NewsAgregator" */ = {
			isa = XCConfigurationList;
			buildConfigurations = (
				91DA330D2C1F22EF00A7479C /* Debug */,
				91DA330E2C1F22EF00A7479C /* Release */,
			);
			defaultConfigurationIsVisible = 0;
			defaultConfigurationName = Release;
		};
		91DA330F2C1F22EF00A7479C /* Build configuration list for PBXNativeTarget "NewsAgregator" */ = {
			isa = XCConfigurationList;
			buildConfigurations = (
				91DA33102C1F22EF00A7479C /* Debug */,
				91DA33112C1F22EF00A7479C /* Release */,
			);
			defaultConfigurationIsVisible = 0;
			defaultConfigurationName = Release;
		};
/* End XCConfigurationList section */

/* Begin XCRemoteSwiftPackageReference section */
		913605992C1F327F0040FD7A /* XCRemoteSwiftPackageReference "UILabel-Copyable" */ = {
			isa = XCRemoteSwiftPackageReference;
			repositoryURL = "https://github.com/alexandreos/UILabel-Copyable.git";
			requirement = {
				kind = upToNextMajorVersion;
				minimumVersion = 2.0.1;
			};
		};
		9136059C2C1F32860040FD7A /* XCRemoteSwiftPackageReference "Kingfisher" */ = {
			isa = XCRemoteSwiftPackageReference;
			repositoryURL = "https://github.com/onevcat/Kingfisher";
			requirement = {
				kind = upToNextMajorVersion;
				minimumVersion = 7.12.0;
			};
		};
/* End XCRemoteSwiftPackageReference section */

/* Begin XCSwiftPackageProductDependency section */
		9136059A2C1F327F0040FD7A /* UILabel+Copyable */ = {
			isa = XCSwiftPackageProductDependency;
			package = 913605992C1F327F0040FD7A /* XCRemoteSwiftPackageReference "UILabel-Copyable" */;
			productName = "UILabel+Copyable";
		};
		9136059D2C1F32860040FD7A /* Kingfisher */ = {
			isa = XCSwiftPackageProductDependency;
			package = 9136059C2C1F32860040FD7A /* XCRemoteSwiftPackageReference "Kingfisher" */;
			productName = Kingfisher;
		};
/* End XCSwiftPackageProductDependency section */

/* Begin XCVersionGroup section */
		91DA33042C1F22ED00A7479C /* NewsAgregator.xcdatamodeld */ = {
			isa = XCVersionGroup;
			children = (
				91DA33052C1F22ED00A7479C /* NewsAgregator.xcdatamodel */,
			);
			currentVersion = 91DA33052C1F22ED00A7479C /* NewsAgregator.xcdatamodel */;
			path = NewsAgregator.xcdatamodeld;
			sourceTree = "<group>";
			versionGroupType = wrapper.xcdatamodel;
		};
/* End XCVersionGroup section */
	};
	rootObject = 91DA32F02C1F22ED00A7479C /* Project object */;
}
