// !$*UTF8*$!
{
	archiveVersion = 1;
	classes = {
	};
	objectVersion = 56;
	objects = {

/* Begin PBXBuildFile section */
		9136059B2C1F327F0040FD7A /* UILabel+Copyable in Frameworks */ = {isa = PBXBuildFile; productRef = 9136059A2C1F327F0040FD7A /* UILabel+Copyable */; };
		9136059E2C1F32860040FD7A /* Kingfisher in Frameworks */ = {isa = PBXBuildFile; productRef = 9136059D2C1F32860040FD7A /* Kingfisher */; };
		91DA32FC2C1F22ED00A7479C /* AppDelegate.swift in Sources */ = {isa = PBXBuildFile; fileRef = 91DA32FB2C1F22ED00A7479C /* AppDelegate.swift */; };
		91DA32FE2C1F22ED00A7479C /* SceneDelegate.swift in Sources */ = {isa = PBXBuildFile; fileRef = 91DA32FD2C1F22ED00A7479C /* SceneDelegate.swift */; };
		91DA33002C1F22ED00A7479C /* ViewController.swift in Sources */ = {isa = PBXBuildFile; fileRef = 91DA32FF2C1F22ED00A7479C /* ViewController.swift */; };
		91DA33062C1F22ED00A7479C /* NewsAgregator.xcdatamodeld in Sources */ = {isa = PBXBuildFile; fileRef = 91DA33042C1F22ED00A7479C /* NewsAgregator.xcdatamodeld */; };
		91DA33082C1F22EF00A7479C /* Assets.xcassets in Resources */ = {isa = PBXBuildFile; fileRef = 91DA33072C1F22EF00A7479C /* Assets.xcassets */; };
		91DA330B2C1F22EF00A7479C /* Base in Resources */ = {isa = PBXBuildFile; fileRef = 91DA330A2C1F22EF00A7479C /* Base */; };
/* End PBXBuildFile section */

/* Begin PBXFileReference section */
		91DA32F82C1F22ED00A7479C /* NewsAgregator.app */ = {isa = PBXFileReference; explicitFileType = wrapper.application; includeInIndex = 0; path = NewsAgregator.app; sourceTree = BUILT_PRODUCTS_DIR; };
		91DA32FB2C1F22ED00A7479C /* AppDelegate.swift */ = {isa = PBXFileReference; lastKnownFileType = sourcecode.swift; path = AppDelegate.swift; sourceTree = "<group>"; };
		91DA32FD2C1F22ED00A7479C /* SceneDelegate.swift */ = {isa = PBXFileReference; lastKnownFileType = sourcecode.swift; path = SceneDelegate.swift; sourceTree = "<group>"; };
		91DA32FF2C1F22ED00A7479C /* ViewController.swift */ = {isa = PBXFileReference; lastKnownFileType = sourcecode.swift; path = ViewController.swift; sourceTree = "<group>"; };
		91DA33052C1F22ED00A7479C /* NewsAgregator.xcdatamodel */ = {isa = PBXFileReference; lastKnownFileType = wrapper.xcdatamodel; path = NewsAgregator.xcdatamodel; sourceTree = "<group>"; };
		91DA33072C1F22EF00A7479C /* Assets.xcassets */ = {isa = PBXFileReference; lastKnownFileType = folder.assetcatalog; path = Assets.xcassets; sourceTree = "<group>"; };
		91DA330A2C1F22EF00A7479C /* Base */ = {isa = PBXFileReference; lastKnownFileType = file.storyboard; name = Base; path = Base.lproj/LaunchScreen.storyboard; sourceTree = "<group>"; };
		91DA330C2C1F22EF00A7479C /* Info.plist */ = {isa = PBXFileReference; lastKnownFileType = text.plist.xml; path = Info.plist; sourceTree = "<group>"; };
/* End PBXFileReference section */

/* Begin PBXFrameworksBuildPhase section */
		91DA32F52C1F22ED00A7479C /* Frameworks */ = {
			isa = PBXFrameworksBuildPhase;
			buildActionMask = 2147483647;
			files = (
				9136059E2C1F32860040FD7A /* Kingfisher in Frameworks */,
				9136059B2C1F327F0040FD7A /* UILabel+Copyable in Frameworks */,
			);
			runOnlyForDeploymentPostprocessing = 0;
		};
/* End PBXFrameworksBuildPhase section */

/* Begin PBXGroup section */
		91DA32EF2C1F22ED00A7479C = {
			isa = PBXGroup;
			children = (
				91DA32FA2C1F22ED00A7479C /* NewsAgregator */,
				91DA32F92C1F22ED00A7479C /* Products */,
			);
			sourceTree = "<group>";
		};
		91DA32F92C1F22ED00A7479C /* Products */ = {
			isa = PBXGroup;
			children = (
				91DA32F82C1F22ED00A7479C /* NewsAgregator.app */,
			);
			name = Products;
			sourceTree = "<group>";
		};
		91DA32FA2C1F22ED00A7479C /* NewsAgregator */ = {
			isa = PBXGroup;
			children = (
				91DA32FB2C1F22ED00A7479C /* AppDelegate.swift */,
				91DA32FD2C1F22ED00A7479C /* SceneDelegate.swift */,
				91DA32FF2C1F22ED00A7479C /* ViewController.swift */,
				91DA33072C1F22EF00A7479C /* Assets.xcassets */,
				91DA33092C1F22EF00A7479C /* LaunchScreen.storyboard */,
				91DA330C2C1F22EF00A7479C /* Info.plist */,
				91DA33042C1F22ED00A7479C /* NewsAgregator.xcdatamodeld */,
			);
			path = NewsAgregator;
			sourceTree = "<group>";
		};
/* End PBXGroup section */

/* Begin PBXNativeTarget section */
		91DA32F72C1F22ED00A7479C /* NewsAgregator */ = {
			isa = PBXNativeTarget;
			buildConfigurationList = 91DA330F2C1F22EF00A7479C /* Build configuration list for PBXNativeTarget "NewsAgregator" */;
			buildPhases = (
				91DA32F42C1F22ED00A7479C /* Sources */,
				91DA32F52C1F22ED00A7479C /* Frameworks */,
				91DA32F62C1F22ED00A7479C /* Resources */,
			);
			buildRules = (
			);
			dependencies = (
			);
			name = NewsAgregator;
			packageProductDependencies = (
				9136059A2C1F327F0040FD7A /* UILabel+Copyable */,
				9136059D2C1F32860040FD7A /* Kingfisher */,
			);
			productName = NewsAgregator;
			productReference = 91DA32F82C1F22ED00A7479C /* NewsAgregator.app */;
			productType = "com.apple.product-type.application";
		};
/* End PBXNativeTarget section */

/* Begin PBXProject section */
		91DA32F02C1F22ED00A7479C /* Project object */ = {
			isa = PBXProject;
			attributes = {
				BuildIndependentTargetsInParallel = 1;
				LastSwiftUpdateCheck = 1530;
				LastUpgradeCheck = 1530;
				TargetAttributes = {
					91DA32F72C1F22ED00A7479C = {
						CreatedOnToolsVersion = 15.3;
					};
				};
			};
			buildConfigurationList = 91DA32F32C1F22ED00A7479C /* Build configuration list for PBXProject "NewsAgregator" */;
			compatibilityVersion = "Xcode 14.0";
			developmentRegion = en;
			hasScannedForEncodings = 0;
			knownRegions = (
				en,
				Base,
			);
			mainGroup = 91DA32EF2C1F22ED00A7479C;
			packageReferences = (
				913605992C1F327F0040FD7A /* XCRemoteSwiftPackageReference "UILabel-Copyable" */,
				9136059C2C1F32860040FD7A /* XCRemoteSwiftPackageReference "Kingfisher" */,
			);
			productRefGroup = 91DA32F92C1F22ED00A7479C /* Products */;
			projectDirPath = "";
			projectRoot = "";
			targets = (
				91DA32F72C1F22ED00A7479C /* NewsAgregator */,
			);
		};
/* End PBXProject section */

/* Begin PBXResourcesBuildPhase section */
		91DA32F62C1F22ED00A7479C /* Resources */ = {
			isa = PBXResourcesBuildPhase;
			buildActionMask = 2147483647;
			files = (
				91DA33082C1F22EF00A7479C /* Assets.xcassets in Resources */,
				91DA330B2C1F22EF00A7479C /* Base in Resources */,
			);
			runOnlyForDeploymentPostprocessing = 0;
		};
/* End PBXResourcesBuildPhase section */

/* Begin PBXSourcesBuildPhase section */
		91DA32F42C1F22ED00A7479C /* Sources */ = {
			isa = PBXSourcesBuildPhase;
			buildActionMask = 2147483647;
			files = (
				91DA33002C1F22ED00A7479C /* ViewController.swift in Sources */,
				91DA32FC2C1F22ED00A7479C /* AppDelegate.swift in Sources */,
				91DA32FE2C1F22ED00A7479C /* SceneDelegate.swift in Sources */,
				91DA33062C1F22ED00A7479C /* NewsAgregator.xcdatamodeld in Sources */,
			);
			runOnlyForDeploymentPostprocessing = 0;
		};
/* End PBXSourcesBuildPhase section */

/* Begin PBXVariantGroup section */
		91DA33092C1F22EF00A7479C /* LaunchScreen.storyboard */ = {
			isa = PBXVariantGroup;
			children = (
				91DA330A2C1F22EF00A7479C /* Base */,
			);
			name = LaunchScreen.storyboard;
			sourceTree = "<group>";
		};
/* End PBXVariantGroup section */

/* Begin XCBuildConfiguration section */
		91DA330D2C1F22EF00A7479C /* Debug */ = {
			isa = XCBuildConfiguration;
			buildSettings = {
				ALWAYS_SEARCH_USER_PATHS = NO;
				ASSETCATALOG_COMPILER_GENERATE_SWIFT_ASSET_SYMBOL_EXTENSIONS = YES;
				CLANG_ANALYZER_NONNULL = YES;
				CLANG_ANALYZER_NUMBER_OBJECT_CONVERSION = YES_AGGRESSIVE;
				CLANG_CXX_LANGUAGE_STANDARD = "gnu++20";
				CLANG_ENABLE_MODULES = YES;
				CLANG_ENABLE_OBJC_ARC = YES;
				CLANG_ENABLE_OBJC_WEAK = YES;
				CLANG_WARN_BLOCK_CAPTURE_AUTORELEASING = YES;
				CLANG_WARN_BOOL_CONVERSION = YES;
				CLANG_WARN_COMMA = YES;
				CLANG_WARN_CONSTANT_CONVERSION = YES;
				CLANG_WARN_DEPRECATED_OBJC_IMPLEMENTATIONS = YES;
				CLANG_WARN_DIRECT_OBJC_ISA_USAGE = YES_ERROR;
				CLANG_WARN_DOCUMENTATION_COMMENTS = YES;
				CLANG_WARN_EMPTY_BODY = YES;
				CLANG_WARN_ENUM_CONVERSION = YES;
				CLANG_WARN_INFINITE_RECURSION = YES;
				CLANG_WARN_INT_CONVERSION = YES;
				CLANG_WARN_NON_LITERAL_NULL_CONVERSION = YES;
				CLANG_WARN_OBJC_IMPLICIT_RETAIN_SELF = YES;
				CLANG_WARN_OBJC_LITERAL_CONVERSION = YES;
				CLANG_WARN_OBJC_ROOT_CLASS = YES_ERROR;
				CLANG_WARN_QUOTED_INCLUDE_IN_FRAMEWORK_HEADER = YES;
				CLANG_WARN_RANGE_LOOP_ANALYSIS = YES;
				CLANG_WARN_STRICT_PROTOTYPES = YES;
				CLANG_WARN_SUSPICIOUS_MOVE = YES;
				CLANG_WARN_UNGUARDED_AVAILABILITY = YES_AGGRESSIVE;
				CLANG_WARN_UNREACHABLE_CODE = YES;
				CLANG_WARN__DUPLICATE_METHOD_MATCH = YES;
				COPY_PHASE_STRIP = NO;
				DEBUG_INFORMATION_FORMAT = dwarf;
				ENABLE_STRICT_OBJC_MSGSEND = YES;
				ENABLE_TESTABILITY = YES;
				ENABLE_USER_SCRIPT_SANDBOXING = YES;
				GCC_C_LANGUAGE_STANDARD = gnu17;
				GCC_DYNAMIC_NO_PIC = NO;
				GCC_NO_COMMON_BLOCKS = YES;
				GCC_OPTIMIZATION_LEVEL = 0;
				GCC_PREPROCESSOR_DEFINITIONS = (
					"DEBUG=1",
					"$(inherited)",
				);
				GCC_WARN_64_TO_32_BIT_CONVERSION = YES;
				GCC_WARN_ABOUT_RETURN_TYPE = YES_ERROR;
				GCC_WARN_UNDECLARED_SELECTOR = YES;
				GCC_WARN_UNINITIALIZED_AUTOS = YES_AGGRESSIVE;
				GCC_WARN_UNUSED_FUNCTION = YES;
				GCC_WARN_UNUSED_VARIABLE = YES;
				IPHONEOS_DEPLOYMENT_TARGET = 17.4;
				LOCALIZATION_PREFERS_STRING_CATALOGS = YES;
				MTL_ENABLE_DEBUG_INFO = INCLUDE_SOURCE;
				MTL_FAST_MATH = YES;
				ONLY_ACTIVE_ARCH = YES;
				SDKROOT = iphoneos;
				SWIFT_ACTIVE_COMPILATION_CONDITIONS = "DEBUG $(inherited)";
				SWIFT_OPTIMIZATION_LEVEL = "-Onone";
			};
			name = Debug;
		};
		91DA330E2C1F22EF00A7479C /* Release */ = {
			isa = XCBuildConfiguration;
			buildSettings = {
				ALWAYS_SEARCH_USER_PATHS = NO;
				ASSETCATALOG_COMPILER_GENERATE_SWIFT_ASSET_SYMBOL_EXTENSIONS = YES;
				CLANG_ANALYZER_NONNULL = YES;
				CLANG_ANALYZER_NUMBER_OBJECT_CONVERSION = YES_AGGRESSIVE;
				CLANG_CXX_LANGUAGE_STANDARD = "gnu++20";
				CLANG_ENABLE_MODULES = YES;
				CLANG_ENABLE_OBJC_ARC = YES;
				CLANG_ENABLE_OBJC_WEAK = YES;
				CLANG_WARN_BLOCK_CAPTURE_AUTORELEASING = YES;
				CLANG_WARN_BOOL_CONVERSION = YES;
				CLANG_WARN_COMMA = YES;
				CLANG_WARN_CONSTANT_CONVERSION = YES;
				CLANG_WARN_DEPRECATED_OBJC_IMPLEMENTATIONS = YES;
				CLANG_WARN_DIRECT_OBJC_ISA_USAGE = YES_ERROR;
				CLANG_WARN_DOCUMENTATION_COMMENTS = YES;
				CLANG_WARN_EMPTY_BODY = YES;
				CLANG_WARN_ENUM_CONVERSION = YES;
				CLANG_WARN_INFINITE_RECURSION = YES;
				CLANG_WARN_INT_CONVERSION = YES;
				CLANG_WARN_NON_LITERAL_NULL_CONVERSION = YES;
				CLANG_WARN_OBJC_IMPLICIT_RETAIN_SELF = YES;
				CLANG_WARN_OBJC_LITERAL_CONVERSION = YES;
				CLANG_WARN_OBJC_ROOT_CLASS = YES_ERROR;
				CLANG_WARN_QUOTED_INCLUDE_IN_FRAMEWORK_HEADER = YES;
				CLANG_WARN_RANGE_LOOP_ANALYSIS = YES;
				CLANG_WARN_STRICT_PROTOTYPES = YES;
				CLANG_WARN_SUSPICIOUS_MOVE = YES;
				CLANG_WARN_UNGUARDED_AVAILABILITY = YES_AGGRESSIVE;
				CLANG_WARN_UNREACHABLE_CODE = YES;
				CLANG_WARN__DUPLICATE_METHOD_MATCH = YES;
				COPY_PHASE_STRIP = NO;
				DEBUG_INFORMATION_FORMAT = "dwarf-with-dsym";
				ENABLE_NS_ASSERTIONS = NO;
				ENABLE_STRICT_OBJC_MSGSEND = YES;
				ENABLE_USER_SCRIPT_SANDBOXING = YES;
				GCC_C_LANGUAGE_STANDARD = gnu17;
				GCC_NO_COMMON_BLOCKS = YES;
				GCC_WARN_64_TO_32_BIT_CONVERSION = YES;
				GCC_WARN_ABOUT_RETURN_TYPE = YES_ERROR;
				GCC_WARN_UNDECLARED_SELECTOR = YES;
				GCC_WARN_UNINITIALIZED_AUTOS = YES_AGGRESSIVE;
				GCC_WARN_UNUSED_FUNCTION = YES;
				GCC_WARN_UNUSED_VARIABLE = YES;
				IPHONEOS_DEPLOYMENT_TARGET = 17.4;
				LOCALIZATION_PREFERS_STRING_CATALOGS = YES;
				MTL_ENABLE_DEBUG_INFO = NO;
				MTL_FAST_MATH = YES;
				SDKROOT = iphoneos;
				SWIFT_COMPILATION_MODE = wholemodule;
				VALIDATE_PRODUCT = YES;
			};
			name = Release;
		};
		91DA33102C1F22EF00A7479C /* Debug */ = {
			isa = XCBuildConfiguration;
			buildSettings = {
				ASSETCATALOG_COMPILER_APPICON_NAME = AppIcon;
				ASSETCATALOG_COMPILER_GLOBAL_ACCENT_COLOR_NAME = AccentColor;
				CODE_SIGN_STYLE = Automatic;
				CURRENT_PROJECT_VERSION = 1;
				DEVELOPMENT_TEAM = FV5M76HD5M;
				GENERATE_INFOPLIST_FILE = YES;
				INFOPLIST_FILE = NewsAgregator/Info.plist;
				INFOPLIST_KEY_UIApplicationSupportsIndirectInputEvents = YES;
				INFOPLIST_KEY_UILaunchStoryboardName = LaunchScreen;
				INFOPLIST_KEY_UISupportedInterfaceOrientations_iPad = "UIInterfaceOrientationPortrait UIInterfaceOrientationPortraitUpsideDown UIInterfaceOrientationLandscapeLeft UIInterfaceOrientationLandscapeRight";
				INFOPLIST_KEY_UISupportedInterfaceOrientations_iPhone = "UIInterfaceOrientationPortrait UIInterfaceOrientationLandscapeLeft UIInterfaceOrientationLandscapeRight";
				LD_RUNPATH_SEARCH_PATHS = (
					"$(inherited)",
					"@executable_path/Frameworks",
				);
				MARKETING_VERSION = 1.0;
				PRODUCT_BUNDLE_IDENTIFIER = ru.ketamine.practicum.NewsAgregator;
				PRODUCT_NAME = "$(TARGET_NAME)";
				SWIFT_EMIT_LOC_STRINGS = YES;
				SWIFT_VERSION = 5.0;
				TARGETED_DEVICE_FAMILY = "1,2";
			};
			name = Debug;
		};
		91DA33112C1F22EF00A7479C /* Release */ = {
			isa = XCBuildConfiguration;
			buildSettings = {
				ASSETCATALOG_COMPILER_APPICON_NAME = AppIcon;
				ASSETCATALOG_COMPILER_GLOBAL_ACCENT_COLOR_NAME = AccentColor;
				CODE_SIGN_STYLE = Automatic;
				CURRENT_PROJECT_VERSION = 1;
				DEVELOPMENT_TEAM = FV5M76HD5M;
				GENERATE_INFOPLIST_FILE = YES;
				INFOPLIST_FILE = NewsAgregator/Info.plist;
				INFOPLIST_KEY_UIApplicationSupportsIndirectInputEvents = YES;
				INFOPLIST_KEY_UILaunchStoryboardName = LaunchScreen;
				INFOPLIST_KEY_UISupportedInterfaceOrientations_iPad = "UIInterfaceOrientationPortrait UIInterfaceOrientationPortraitUpsideDown UIInterfaceOrientationLandscapeLeft UIInterfaceOrientationLandscapeRight";
				INFOPLIST_KEY_UISupportedInterfaceOrientations_iPhone = "UIInterfaceOrientationPortrait UIInterfaceOrientationLandscapeLeft UIInterfaceOrientationLandscapeRight";
				LD_RUNPATH_SEARCH_PATHS = (
					"$(inherited)",
					"@executable_path/Frameworks",
				);
				MARKETING_VERSION = 1.0;
				PRODUCT_BUNDLE_IDENTIFIER = ru.ketamine.practicum.NewsAgregator;
				PRODUCT_NAME = "$(TARGET_NAME)";
				SWIFT_EMIT_LOC_STRINGS = YES;
				SWIFT_VERSION = 5.0;
				TARGETED_DEVICE_FAMILY = "1,2";
			};
			name = Release;
		};
/* End XCBuildConfiguration section */

/* Begin XCConfigurationList section */
		91DA32F32C1F22ED00A7479C /* Build configuration list for PBXProject "NewsAgregator" */ = {
			isa = XCConfigurationList;
			buildConfigurations = (
				91DA330D2C1F22EF00A7479C /* Debug */,
				91DA330E2C1F22EF00A7479C /* Release */,
			);
			defaultConfigurationIsVisible = 0;
			defaultConfigurationName = Release;
		};
		91DA330F2C1F22EF00A7479C /* Build configuration list for PBXNativeTarget "NewsAgregator" */ = {
			isa = XCConfigurationList;
			buildConfigurations = (
				91DA33102C1F22EF00A7479C /* Debug */,
				91DA33112C1F22EF00A7479C /* Release */,
			);
			defaultConfigurationIsVisible = 0;
			defaultConfigurationName = Release;
		};
/* End XCConfigurationList section */

/* Begin XCRemoteSwiftPackageReference section */
		913605992C1F327F0040FD7A /* XCRemoteSwiftPackageReference "UILabel-Copyable" */ = {
			isa = XCRemoteSwiftPackageReference;
			repositoryURL = "https://github.com/alexandreos/UILabel-Copyable.git";
			requirement = {
				kind = upToNextMajorVersion;
				minimumVersion = 2.0.1;
			};
		};
		9136059C2C1F32860040FD7A /* XCRemoteSwiftPackageReference "Kingfisher" */ = {
			isa = XCRemoteSwiftPackageReference;
			repositoryURL = "https://github.com/onevcat/Kingfisher";
			requirement = {
				kind = upToNextMajorVersion;
				minimumVersion = 7.12.0;
			};
		};
/* End XCRemoteSwiftPackageReference section */

/* Begin XCSwiftPackageProductDependency section */
		9136059A2C1F327F0040FD7A /* UILabel+Copyable */ = {
			isa = XCSwiftPackageProductDependency;
			package = 913605992C1F327F0040FD7A /* XCRemoteSwiftPackageReference "UILabel-Copyable" */;
			productName = "UILabel+Copyable";
		};
		9136059D2C1F32860040FD7A /* Kingfisher */ = {
			isa = XCSwiftPackageProductDependency;
			package = 9136059C2C1F32860040FD7A /* XCRemoteSwiftPackageReference "Kingfisher" */;
			productName = Kingfisher;
		};
/* End XCSwiftPackageProductDependency section */

/* Begin XCVersionGroup section */
		91DA33042C1F22ED00A7479C /* NewsAgregator.xcdatamodeld */ = {
			isa = XCVersionGroup;
			children = (
				91DA33052C1F22ED00A7479C /* NewsAgregator.xcdatamodel */,
			);
			currentVersion = 91DA33052C1F22ED00A7479C /* NewsAgregator.xcdatamodel */;
			path = NewsAgregator.xcdatamodeld;
			sourceTree = "<group>";
			versionGroupType = wrapper.xcdatamodel;
		};
/* End XCVersionGroup section */
	};
	rootObject = 91DA32F02C1F22ED00A7479C /* Project object */;
}
